
Microsoft Visual Studio Solution File, Format Version 12.00
# Visual Studio Version 17
VisualStudioVersion = 17.5.33627.172
MinimumVisualStudioVersion = 10.0.40219.1
Project("{FAE04EC0-301F-11D3-BF4B-00C04F79EFBC}") = "HONASTEAK", "HONASTEAK\HONASTEAK.csproj", "{AB463BC0-FD50-43A0-AA20-C6C44FF32521}"
EndProject
Global
	GlobalSection(SolutionConfigurationPlatforms) = preSolution
		Debug|Any CPU = Debug|Any CPU
		Release|Any CPU = Release|Any CPU
	EndGlobalSection
	GlobalSection(ProjectConfigurationPlatforms) = postSolution
		{AB463BC0-FD50-43A0-AA20-C6C44FF32521}.Debug|Any CPU.ActiveCfg = Debug|Any CPU
		{AB463BC0-FD50-43A0-AA20-C6C44FF32521}.Debug|Any CPU.Build.0 = Debug|Any CPU
		{AB463BC0-FD50-43A0-AA20-C6C44FF32521}.Release|Any CPU.ActiveCfg = Release|Any CPU
		{AB463BC0-FD50-43A0-AA20-C6C44FF32521}.Release|Any CPU.Build.0 = Release|Any CPU
	EndGlobalSection
	GlobalSection(SolutionProperties) = preSolution
		HideSolutionNode = FALSE
	EndGlobalSection
	GlobalSection(ExtensibilityGlobals) = postSolution
		SolutionGuid = {CFDD5A1B-6525-41D1-A10D-E0B340DE047A}
	EndGlobalSection
EndGlobal
